# This file is automatically @generated by Cargo.
# It is not intended for manual editing.
version = 4

[[package]]
name = "archmage"
version = "0.8.6"
source = "registry+https://github.com/rust-lang/crates.io-index"
checksum = "7b6d08808218c9a8bb39ac0490adc5d65a666cc38ddb730baf9ed57e32d803ee"
dependencies = [
 "archmage-macros",
]

[[package]]
name = "archmage-macros"
version = "0.8.6"
source = "registry+https://github.com/rust-lang/crates.io-index"
checksum = "4320e26657ff06e4cb353df04642c3faa5390cae53705e846b788b59d14bc52e"
dependencies = [
 "proc-macro2",
 "quote",
 "syn",
]

[[package]]
name = "autocfg"
version = "1.5.0"
source = "registry+https://github.com/rust-lang/crates.io-index"
checksum = "c08606f8c3cbf4ce6ec8e28fb0014a2c086708fe954eaa885384a6165172e7e8"

[[package]]
name = "bytemuck"
version = "1.25.0"
source = "registry+https://github.com/rust-lang/crates.io-index"
checksum = "c8efb64bd706a16a1bdde310ae86b351e4d21550d98d056f22f8a7f7a2183fec"

[[package]]
name = "cfg-if"
version = "1.0.4"
source = "registry+https://github.com/rust-lang/crates.io-index"
checksum = "9330f8b2ff13f34540b44e946ef35111825727b38d33286ef986142615121801"

[[package]]
name = "crunchy"
version = "0.2.4"
source = "registry+https://github.com/rust-lang/crates.io-index"
checksum = "460fbee9c2c2f33933d720630a6a0bac33ba7053db5344fac858d4b8952d77d5"

[[package]]
name = "enough"
version = "0.4.0"
source = "registry+https://github.com/rust-lang/crates.io-index"
checksum = "177a59811828ea5dbc8927662d444ffee7b55a44696486f1b1a245ae9e652533"

[[package]]
name = "half"
version = "2.7.1"
source = "registry+https://github.com/rust-lang/crates.io-index"
checksum = "6ea2d84b969582b4b1864a92dc5d27cd2b77b622a8d79306834f1be5ba20d84b"
dependencies = [
 "cfg-if",
 "crunchy",
 "zerocopy",
]

[[package]]
name = "imgref"
version = "1.12.0"
source = "registry+https://github.com/rust-lang/crates.io-index"
checksum = "e7c5cedc30da3a610cac6b4ba17597bdf7152cf974e8aab3afb3d54455e371c8"

[[package]]
name = "libm"
version = "0.2.16"
source = "registry+https://github.com/rust-lang/crates.io-index"
checksum = "b6d2cec3eae94f9f509c767b45932f1ada8350c4bdb85af2fcab4a3c14807981"

[[package]]
name = "linear-srgb"
version = "0.5.5"
dependencies = [
 "archmage",
 "bytemuck",
 "magetypes",
 "num-traits",
 "wide",
]

[[package]]
name = "linear-srgb"
version = "0.5.5"
source = "registry+https://github.com/rust-lang/crates.io-index"
checksum = "7687eee4c424bdb5f360d5d975a52baa0f56c1ce15e3c5cbef4af7d39e148092"
dependencies = [
 "archmage",
 "bytemuck",
 "magetypes",
 "num-traits",
 "wide",
]

[[package]]
name = "magetypes"
version = "0.8.6"
source = "registry+https://github.com/rust-lang/crates.io-index"
checksum = "24774f4b337d505ed895826d95566cb7db35e373bdffdea1c7bf715c2a94f552"
dependencies = [
 "archmage",
]

[[package]]
name = "num-traits"
version = "0.2.19"
source = "registry+https://github.com/rust-lang/crates.io-index"
checksum = "071dfc062690e90b734c0b2273ce72ad0ffa95f0c74596bc250dcfd960262841"
dependencies = [
 "autocfg",
 "libm",
]

[[package]]
name = "proc-macro2"
version = "1.0.106"
source = "registry+https://github.com/rust-lang/crates.io-index"
checksum = "8fd00f0bb2e90d81d1044c2b32617f68fcb9fa3bb7640c23e9c748e53fb30934"
dependencies = [
 "unicode-ident",
]

[[package]]
name = "quote"
version = "1.0.44"
source = "registry+https://github.com/rust-lang/crates.io-index"
checksum = "21b2ebcf727b7760c461f091f9f0f539b77b8e87f2fd88131e7f1b433b3cece4"
dependencies = [
 "proc-macro2",
]

[[package]]
name = "rgb"
version = "0.8.52"
source = "registry+https://github.com/rust-lang/crates.io-index"
checksum = "0c6a884d2998352bb4daf0183589aec883f16a6da1f4dde84d8e2e9a5409a1ce"
dependencies = [
 "bytemuck",
]

[[package]]
name = "safe_arch"
version = "1.0.0"
source = "registry+https://github.com/rust-lang/crates.io-index"
checksum = "1f7caad094bd561859bcd467734a720c3c1f5d1f338995351fefe2190c45efed"
dependencies = [
 "bytemuck",
]

[[package]]
name = "safe_unaligned_simd"
version = "0.2.4"
source = "registry+https://github.com/rust-lang/crates.io-index"
checksum = "c1d612ce01a584cfab72164fb3f689112249fafeab7b4181c14601d19b34cb0a"

[[package]]
name = "syn"
version = "2.0.117"
source = "registry+https://github.com/rust-lang/crates.io-index"
checksum = "e665b8803e7b1d2a727f4023456bbbbe74da67099c585258af0ad9c5013b9b99"
dependencies = [
 "proc-macro2",
 "quote",
 "unicode-ident",
]

[[package]]
name = "unicode-ident"
version = "1.0.24"
source = "registry+https://github.com/rust-lang/crates.io-index"
checksum = "e6e4313cd5fcd3dad5cafa179702e2b244f760991f45397d14d4ebf38247da75"

[[package]]
name = "whereat"
version = "0.1.3"
source = "registry+https://github.com/rust-lang/crates.io-index"
checksum = "3ec598a1ade4224cfe3c5dace0d5d7deec9ed670503ff99d4946973c8c094534"

[[package]]
name = "wide"
version = "1.1.1"
source = "registry+https://github.com/rust-lang/crates.io-index"
checksum = "ac11b009ebeae802ed758530b6496784ebfee7a87b9abfbcaf3bbe25b814eb25"
dependencies = [
 "bytemuck",
 "safe_arch",
]

[[package]]
name = "zencodec-types"
version = "0.1.0"
dependencies = [
 "enough",
 "imgref",
 "rgb",
 "whereat",
]

[[package]]
name = "zenlayout"
version = "0.1.0"

[[package]]
name = "zenpixels"
version = "0.1.0"
dependencies = [
 "bytemuck",
 "half",
 "imgref",
 "linear-srgb 0.5.5",
 "rgb",
 "zencodec-types",
 "zenresize",
]

[[package]]
name = "zenresize"
version = "0.1.0"
dependencies = [
 "archmage",
 "imgref",
 "linear-srgb 0.5.5 (registry+https://github.com/rust-lang/crates.io-index)",
 "rgb",
 "safe_unaligned_simd",
 "wide",
 "zenlayout",
]

[[package]]
name = "zerocopy"
version = "0.8.39"
source = "registry+https://github.com/rust-lang/crates.io-index"
checksum = "db6d35d663eadb6c932438e763b262fe1a70987f9ae936e60158176d710cae4a"
dependencies = [
 "zerocopy-derive",
]

[[package]]
name = "zerocopy-derive"
version = "0.8.39"
source = "registry+https://github.com/rust-lang/crates.io-index"
checksum = "4122cd3169e94605190e77839c9a40d40ed048d305bfdc146e7df40ab0f3e517"
dependencies = [
 "proc-macro2",
 "quote",
 "syn",
]
